
Microsoft Visual Studio Solution File, Format Version 12.00
# Visual Studio Version 17
VisualStudioVersion = 17.11.35327.3
MinimumVisualStudioVersion = 10.0.40219.1
Project("{FAE04EC0-301F-11D3-BF4B-00C04F79EFBC}") = "SocialMediaWebApp", "SocialMediaWebApp\SocialMediaWebApp.csproj", "{1E48A2C9-0810-4713-B294-F406C6C44812}"
EndProject
Global
	GlobalSection(SolutionConfigurationPlatforms) = preSolution
		Debug|Any CPU = Debug|Any CPU
		Release|Any CPU = Release|Any CPU
	EndGlobalSection
	GlobalSection(ProjectConfigurationPlatforms) = postSolution
		{1E48A2C9-0810-4713-B294-F406C6C44812}.Debug|Any CPU.ActiveCfg = Debug|Any CPU
		{1E48A2C9-0810-4713-B294-F406C6C44812}.Debug|Any CPU.Build.0 = Debug|Any CPU
		{1E48A2C9-0810-4713-B294-F406C6C44812}.Release|Any CPU.ActiveCfg = Release|Any CPU
		{1E48A2C9-0810-4713-B294-F406C6C44812}.Release|Any CPU.Build.0 = Release|Any CPU
	EndGlobalSection
	GlobalSection(SolutionProperties) = preSolution
		HideSolutionNode = FALSE
	EndGlobalSection
	GlobalSection(ExtensibilityGlobals) = postSolution
		SolutionGuid = {CEE1FA1B-8538-4FA7-9976-09F1A82F67E2}
	EndGlobalSection
EndGlobal
